
Microsoft Visual Studio Solution File, Format Version 12.00
# Visual Studio Version 17
VisualStudioVersion = 17.8.34330.188
MinimumVisualStudioVersion = 10.0.40219.1
Project("{54A90642-561A-4BB1-A94E-469ADEE60C69}") = "webappseed.client", "webappseed.client\webappseed.client.esproj", "{FD9C3AC2-02B2-4153-A2A2-2A1597E363E5}"
EndProject
Project("{9A19103F-16F7-4668-BE54-9A1E7A4F7556}") = "Domain", "Domain\Domain.csproj", "{DE63C77C-C3D4-476B-8717-0DF8E7398DB0}"
EndProject
Project("{9A19103F-16F7-4668-BE54-9A1E7A4F7556}") = "Application", "Application\Application.csproj", "{084475D0-B4EE-4897-9836-7576B8A85DA4}"
EndProject
Project("{9A19103F-16F7-4668-BE54-9A1E7A4F7556}") = "Infrastructure", "Infrastructure\Infrastructure.csproj", "{371B0ED6-936D-4E0A-8E78-20514CD95F41}"
EndProject
Project("{9A19103F-16F7-4668-BE54-9A1E7A4F7556}") = "Foundation", "Foundation\Foundation.csproj", "{9442DA36-EDCA-49B2-A672-7FB9D91DBCCC}"
EndProject
Project("{9A19103F-16F7-4668-BE54-9A1E7A4F7556}") = "API", "API\API.csproj", "{2B253014-B159-4713-909A-722F095DF4AF}"
EndProject
Project("{2150E333-8FDC-42A3-9474-1A3956D46DE8}") = "Solution Items", "Solution Items", "{B44BBEF0-21BF-4322-BEF8-14CFEBB6A473}"
	ProjectSection(SolutionItems) = preProject
		Notes.txt = Notes.txt
	EndProjectSection
EndProject
Project("{FAE04EC0-301F-11D3-BF4B-00C04F79EFBC}") = "Tests", "Tests\Tests.csproj", "{4C96BA3B-A1A1-46B9-B7DD-733AD4919561}"
EndProject
Global
	GlobalSection(SolutionConfigurationPlatforms) = preSolution
		Debug|Any CPU = Debug|Any CPU
		Release|Any CPU = Release|Any CPU
	EndGlobalSection
	GlobalSection(ProjectConfigurationPlatforms) = postSolution
		{FD9C3AC2-02B2-4153-A2A2-2A1597E363E5}.Debug|Any CPU.ActiveCfg = Debug|Any CPU
		{FD9C3AC2-02B2-4153-A2A2-2A1597E363E5}.Debug|Any CPU.Build.0 = Debug|Any CPU
		{FD9C3AC2-02B2-4153-A2A2-2A1597E363E5}.Debug|Any CPU.Deploy.0 = Debug|Any CPU
		{FD9C3AC2-02B2-4153-A2A2-2A1597E363E5}.Release|Any CPU.ActiveCfg = Release|Any CPU
		{FD9C3AC2-02B2-4153-A2A2-2A1597E363E5}.Release|Any CPU.Build.0 = Release|Any CPU
		{FD9C3AC2-02B2-4153-A2A2-2A1597E363E5}.Release|Any CPU.Deploy.0 = Release|Any CPU
		{DE63C77C-C3D4-476B-8717-0DF8E7398DB0}.Debug|Any CPU.ActiveCfg = Debug|Any CPU
		{DE63C77C-C3D4-476B-8717-0DF8E7398DB0}.Debug|Any CPU.Build.0 = Debug|Any CPU
		{DE63C77C-C3D4-476B-8717-0DF8E7398DB0}.Release|Any CPU.ActiveCfg = Release|Any CPU
		{DE63C77C-C3D4-476B-8717-0DF8E7398DB0}.Release|Any CPU.Build.0 = Release|Any CPU
		{084475D0-B4EE-4897-9836-7576B8A85DA4}.Debug|Any CPU.ActiveCfg = Debug|Any CPU
		{084475D0-B4EE-4897-9836-7576B8A85DA4}.Debug|Any CPU.Build.0 = Debug|Any CPU
		{084475D0-B4EE-4897-9836-7576B8A85DA4}.Release|Any CPU.ActiveCfg = Release|Any CPU
		{084475D0-B4EE-4897-9836-7576B8A85DA4}.Release|Any CPU.Build.0 = Release|Any CPU
		{371B0ED6-936D-4E0A-8E78-20514CD95F41}.Debug|Any CPU.ActiveCfg = Debug|Any CPU
		{371B0ED6-936D-4E0A-8E78-20514CD95F41}.Debug|Any CPU.Build.0 = Debug|Any CPU
		{371B0ED6-936D-4E0A-8E78-20514CD95F41}.Release|Any CPU.ActiveCfg = Release|Any CPU
		{371B0ED6-936D-4E0A-8E78-20514CD95F41}.Release|Any CPU.Build.0 = Release|Any CPU
		{9442DA36-EDCA-49B2-A672-7FB9D91DBCCC}.Debug|Any CPU.ActiveCfg = Debug|Any CPU
		{9442DA36-EDCA-49B2-A672-7FB9D91DBCCC}.Debug|Any CPU.Build.0 = Debug|Any CPU
		{9442DA36-EDCA-49B2-A672-7FB9D91DBCCC}.Release|Any CPU.ActiveCfg = Release|Any CPU
		{9442DA36-EDCA-49B2-A672-7FB9D91DBCCC}.Release|Any CPU.Build.0 = Release|Any CPU
		{2B253014-B159-4713-909A-722F095DF4AF}.Debug|Any CPU.ActiveCfg = Debug|Any CPU
		{2B253014-B159-4713-909A-722F095DF4AF}.Debug|Any CPU.Build.0 = Debug|Any CPU
		{2B253014-B159-4713-909A-722F095DF4AF}.Release|Any CPU.ActiveCfg = Release|Any CPU
		{2B253014-B159-4713-909A-722F095DF4AF}.Release|Any CPU.Build.0 = Release|Any CPU
		{4C96BA3B-A1A1-46B9-B7DD-733AD4919561}.Debug|Any CPU.ActiveCfg = Debug|Any CPU
		{4C96BA3B-A1A1-46B9-B7DD-733AD4919561}.Debug|Any CPU.Build.0 = Debug|Any CPU
		{4C96BA3B-A1A1-46B9-B7DD-733AD4919561}.Release|Any CPU.ActiveCfg = Release|Any CPU
		{4C96BA3B-A1A1-46B9-B7DD-733AD4919561}.Release|Any CPU.Build.0 = Release|Any CPU
	EndGlobalSection
	GlobalSection(SolutionProperties) = preSolution
		HideSolutionNode = FALSE
	EndGlobalSection
	GlobalSection(ExtensibilityGlobals) = postSolution
		SolutionGuid = {ECFA03AF-2B61-44D7-B6EE-4CD92F07023E}
	EndGlobalSection
EndGlobal
